
Microsoft Visual Studio Solution File, Format Version 12.00
# Visual Studio Version 16
VisualStudioVersion = 16.0.28714.193
MinimumVisualStudioVersion = 10.0.40219.1
Project("{9A19103F-16F7-4668-BE54-9A1E7A4F7556}") = "FluffySpoon.Kibana", "FluffySpoon.Kibana\FluffySpoon.Kibana.csproj", "{21C806A1-0A30-4FD5-99AE-7470B94BC847}"
EndProject
Project("{9A19103F-16F7-4668-BE54-9A1E7A4F7556}") = "FluffySpoon.Kibana.Tests", "FluffySpoon.Kibana.Tests\FluffySpoon.Kibana.Tests.csproj", "{1F677658-AB61-48C2-9FCA-81480451F03C}"
EndProject
Project("{FAE04EC0-301F-11D3-BF4B-00C04F79EFBC}") = "FluffySpoon.Kibana.Sample", "FluffySpoon.Kibana.Sample\FluffySpoon.Kibana.Sample.csproj", "{C790440D-35C4-470E-9708-0849E4BDD536}"
EndProject
Global
	GlobalSection(SolutionConfigurationPlatforms) = preSolution
		Debug|Any CPU = Debug|Any CPU
		Release|Any CPU = Release|Any CPU
	EndGlobalSection
	GlobalSection(ProjectConfigurationPlatforms) = postSolution
		{21C806A1-0A30-4FD5-99AE-7470B94BC847}.Debug|Any CPU.ActiveCfg = Debug|Any CPU
		{21C806A1-0A30-4FD5-99AE-7470B94BC847}.Debug|Any CPU.Build.0 = Debug|Any CPU
		{21C806A1-0A30-4FD5-99AE-7470B94BC847}.Release|Any CPU.ActiveCfg = Release|Any CPU
		{21C806A1-0A30-4FD5-99AE-7470B94BC847}.Release|Any CPU.Build.0 = Release|Any CPU
		{1F677658-AB61-48C2-9FCA-81480451F03C}.Debug|Any CPU.ActiveCfg = Debug|Any CPU
		{1F677658-AB61-48C2-9FCA-81480451F03C}.Debug|Any CPU.Build.0 = Debug|Any CPU
		{1F677658-AB61-48C2-9FCA-81480451F03C}.Release|Any CPU.ActiveCfg = Release|Any CPU
		{1F677658-AB61-48C2-9FCA-81480451F03C}.Release|Any CPU.Build.0 = Release|Any CPU
		{C790440D-35C4-470E-9708-0849E4BDD536}.Debug|Any CPU.ActiveCfg = Debug|Any CPU
		{C790440D-35C4-470E-9708-0849E4BDD536}.Debug|Any CPU.Build.0 = Debug|Any CPU
		{C790440D-35C4-470E-9708-0849E4BDD536}.Release|Any CPU.ActiveCfg = Release|Any CPU
		{C790440D-35C4-470E-9708-0849E4BDD536}.Release|Any CPU.Build.0 = Release|Any CPU
	EndGlobalSection
	GlobalSection(SolutionProperties) = preSolution
		HideSolutionNode = FALSE
	EndGlobalSection
	GlobalSection(ExtensibilityGlobals) = postSolution
		SolutionGuid = {BAD2B264-0AAB-40B3-9F07-72AB984A0ECC}
	EndGlobalSection
EndGlobal
